
Microsoft Visual Studio Solution File, Format Version 12.00
# Visual Studio Version 16
VisualStudioVersion = 16.0.808.3
MinimumVisualStudioVersion = 10.0.40219.1
Project("{FAE04EC0-301F-11D3-BF4B-00C04F79EFBC}") = "InsuranceRegistrationAPI", "InsuranceRegistrationAPI\InsuranceRegistrationAPI.csproj", "{17CDE006-0DAB-4464-B944-3808DD7F7320}"
EndProject
Project("{FAE04EC0-301F-11D3-BF4B-00C04F79EFBC}") = "InsuranceRegistrationAPITest", "InsuranceRegistrationAPITest\InsuranceRegistrationAPITest.csproj", "{946CC509-EED0-4F58-91D9-E821421FF67E}"
EndProject
Global
	GlobalSection(SolutionConfigurationPlatforms) = preSolution
		Debug|Any CPU = Debug|Any CPU
		Release|Any CPU = Release|Any CPU
	EndGlobalSection
	GlobalSection(ProjectConfigurationPlatforms) = postSolution
		{17CDE006-0DAB-4464-B944-3808DD7F7320}.Debug|Any CPU.ActiveCfg = Debug|Any CPU
		{17CDE006-0DAB-4464-B944-3808DD7F7320}.Debug|Any CPU.Build.0 = Debug|Any CPU
		{17CDE006-0DAB-4464-B944-3808DD7F7320}.Release|Any CPU.ActiveCfg = Release|Any CPU
		{17CDE006-0DAB-4464-B944-3808DD7F7320}.Release|Any CPU.Build.0 = Release|Any CPU
		{946CC509-EED0-4F58-91D9-E821421FF67E}.Debug|Any CPU.ActiveCfg = Debug|Any CPU
		{946CC509-EED0-4F58-91D9-E821421FF67E}.Debug|Any CPU.Build.0 = Debug|Any CPU
		{946CC509-EED0-4F58-91D9-E821421FF67E}.Release|Any CPU.ActiveCfg = Release|Any CPU
		{946CC509-EED0-4F58-91D9-E821421FF67E}.Release|Any CPU.Build.0 = Release|Any CPU
	EndGlobalSection
	GlobalSection(SolutionProperties) = preSolution
		HideSolutionNode = FALSE
	EndGlobalSection
	GlobalSection(ExtensibilityGlobals) = postSolution
		SolutionGuid = {269B4B89-5F9A-4D21-8D8D-B5F3DB16063E}
	EndGlobalSection
EndGlobal
